// !$*UTF8*$!
{
	archiveVersion = 1;
	classes = {
	};
	objectVersion = 48;
	objects = {

/* Begin PBXBuildFile section */
		514483B61F9B535100621F76 /* AppDelegate.swift in Sources */ = {isa = PBXBuildFile; fileRef = 514483B51F9B535100621F76 /* AppDelegate.swift */; };
		514483B91F9B535100621F76 /* Personel.xcdatamodeld in Sources */ = {isa = PBXBuildFile; fileRef = 514483B71F9B535100621F76 /* Personel.xcdatamodeld */; };
		514483BB1F9B535200621F76 /* MasterViewController.swift in Sources */ = {isa = PBXBuildFile; fileRef = 514483BA1F9B535200621F76 /* MasterViewController.swift */; };
		514483BD1F9B535200621F76 /* DetailViewController.swift in Sources */ = {isa = PBXBuildFile; fileRef = 514483BC1F9B535200621F76 /* DetailViewController.swift */; };
		514483C01F9B535200621F76 /* Main.storyboard in Resources */ = {isa = PBXBuildFile; fileRef = 514483BE1F9B535200621F76 /* Main.storyboard */; };
		514483C21F9B535200621F76 /* Assets.xcassets in Resources */ = {isa = PBXBuildFile; fileRef = 514483C11F9B535200621F76 /* Assets.xcassets */; };
		514483C51F9B535200621F76 /* LaunchScreen.storyboard in Resources */ = {isa = PBXBuildFile; fileRef = 514483C31F9B535200621F76 /* LaunchScreen.storyboard */; };
		514483D01F9B535200621F76 /* PersonelTests.swift in Sources */ = {isa = PBXBuildFile; fileRef = 514483CF1F9B535200621F76 /* PersonelTests.swift */; };
		514483DB1F9B535200621F76 /* PersonelUITests.swift in Sources */ = {isa = PBXBuildFile; fileRef = 514483DA1F9B535200621F76 /* PersonelUITests.swift */; };
/* End PBXBuildFile section */

/* Begin PBXContainerItemProxy section */
		514483CC1F9B535200621F76 /* PBXContainerItemProxy */ = {
			isa = PBXContainerItemProxy;
			containerPortal = 514483AA1F9B535100621F76 /* Project object */;
			proxyType = 1;
			remoteGlobalIDString = 514483B11F9B535100621F76;
			remoteInfo = Personel;
		};
		514483D71F9B535200621F76 /* PBXContainerItemProxy */ = {
			isa = PBXContainerItemProxy;
			containerPortal = 514483AA1F9B535100621F76 /* Project object */;
			proxyType = 1;
			remoteGlobalIDString = 514483B11F9B535100621F76;
			remoteInfo = Personel;
		};
/* End PBXContainerItemProxy section */

/* Begin PBXFileReference section */
		514483B21F9B535100621F76 /* Personel.app */ = {isa = PBXFileReference; explicitFileType = wrapper.application; includeInIndex = 0; path = Personel.app; sourceTree = BUILT_PRODUCTS_DIR; };
		514483B51F9B535100621F76 /* AppDelegate.swift */ = {isa = PBXFileReference; lastKnownFileType = sourcecode.swift; path = AppDelegate.swift; sourceTree = "<group>"; };
		514483B81F9B535100621F76 /* Personel.xcdatamodel */ = {isa = PBXFileReference; lastKnownFileType = wrapper.xcdatamodel; path = Personel.xcdatamodel; sourceTree = "<group>"; };
		514483BA1F9B535200621F76 /* MasterViewController.swift */ = {isa = PBXFileReference; lastKnownFileType = sourcecode.swift; path = MasterViewController.swift; sourceTree = "<group>"; };
		514483BC1F9B535200621F76 /* DetailViewController.swift */ = {isa = PBXFileReference; lastKnownFileType = sourcecode.swift; path = DetailViewController.swift; sourceTree = "<group>"; };
		514483BF1F9B535200621F76 /* Base */ = {isa = PBXFileReference; lastKnownFileType = file.storyboard; name = Base; path = Base.lproj/Main.storyboard; sourceTree = "<group>"; };
		514483C11F9B535200621F76 /* Assets.xcassets */ = {isa = PBXFileReference; lastKnownFileType = folder.assetcatalog; path = Assets.xcassets; sourceTree = "<group>"; };
		514483C41F9B535200621F76 /* Base */ = {isa = PBXFileReference; lastKnownFileType = file.storyboard; name = Base; path = Base.lproj/LaunchScreen.storyboard; sourceTree = "<group>"; };
		514483C61F9B535200621F76 /* Info.plist */ = {isa = PBXFileReference; lastKnownFileType = text.plist.xml; path = Info.plist; sourceTree = "<group>"; };
		514483CB1F9B535200621F76 /* PersonelTests.xctest */ = {isa = PBXFileReference; explicitFileType = wrapper.cfbundle; includeInIndex = 0; path = PersonelTests.xctest; sourceTree = BUILT_PRODUCTS_DIR; };
		514483CF1F9B535200621F76 /* PersonelTests.swift */ = {isa = PBXFileReference; lastKnownFileType = sourcecode.swift; path = PersonelTests.swift; sourceTree = "<group>"; };
		514483D11F9B535200621F76 /* Info.plist */ = {isa = PBXFileReference; lastKnownFileType = text.plist.xml; path = Info.plist; sourceTree = "<group>"; };
		514483D61F9B535200621F76 /* PersonelUITests.xctest */ = {isa = PBXFileReference; explicitFileType = wrapper.cfbundle; includeInIndex = 0; path = PersonelUITests.xctest; sourceTree = BUILT_PRODUCTS_DIR; };
		514483DA1F9B535200621F76 /* PersonelUITests.swift */ = {isa = PBXFileReference; lastKnownFileType = sourcecode.swift; path = PersonelUITests.swift; sourceTree = "<group>"; };
		514483DC1F9B535200621F76 /* Info.plist */ = {isa = PBXFileReference; lastKnownFileType = text.plist.xml; path = Info.plist; sourceTree = "<group>"; };
/* End PBXFileReference section */

/* Begin PBXFrameworksBuildPhase section */
		514483AF1F9B535100621F76 /* Frameworks */ = {
			isa = PBXFrameworksBuildPhase;
			buildActionMask = 2147483647;
			files = (
			);
			runOnlyForDeploymentPostprocessing = 0;
		};
		514483C81F9B535200621F76 /* Frameworks */ = {
			isa = PBXFrameworksBuildPhase;
			buildActionMask = 2147483647;
			files = (
			);
			runOnlyForDeploymentPostprocessing = 0;
		};
		514483D31F9B535200621F76 /* Frameworks */ = {
			isa = PBXFrameworksBuildPhase;
			buildActionMask = 2147483647;
			files = (
			);
			runOnlyForDeploymentPostprocessing = 0;
		};
/* End PBXFrameworksBuildPhase section */

/* Begin PBXGroup section */
		514483A91F9B535100621F76 = {
			isa = PBXGroup;
			children = (
				514483B41F9B535100621F76 /* Personel */,
				514483CE1F9B535200621F76 /* PersonelTests */,
				514483D91F9B535200621F76 /* PersonelUITests */,
				514483B31F9B535100621F76 /* Products */,
			);
			sourceTree = "<group>";
		};
		514483B31F9B535100621F76 /* Products */ = {
			isa = PBXGroup;
			children = (
				514483B21F9B535100621F76 /* Personel.app */,
				514483CB1F9B535200621F76 /* PersonelTests.xctest */,
				514483D61F9B535200621F76 /* PersonelUITests.xctest */,
			);
			name = Products;
			sourceTree = "<group>";
		};
		514483B41F9B535100621F76 /* Personel */ = {
			isa = PBXGroup;
			children = (
				514483B51F9B535100621F76 /* AppDelegate.swift */,
				514483BA1F9B535200621F76 /* MasterViewController.swift */,
				514483BC1F9B535200621F76 /* DetailViewController.swift */,
				514483BE1F9B535200621F76 /* Main.storyboard */,
				514483C11F9B535200621F76 /* Assets.xcassets */,
				514483C31F9B535200621F76 /* LaunchScreen.storyboard */,
				514483C61F9B535200621F76 /* Info.plist */,
				514483B71F9B535100621F76 /* Personel.xcdatamodeld */,
			);
			path = Personel;
			sourceTree = "<group>";
		};
		514483CE1F9B535200621F76 /* PersonelTests */ = {
			isa = PBXGroup;
			children = (
				514483CF1F9B535200621F76 /* PersonelTests.swift */,
				514483D11F9B535200621F76 /* Info.plist */,
			);
			path = PersonelTests;
			sourceTree = "<group>";
		};
		514483D91F9B535200621F76 /* PersonelUITests */ = {
			isa = PBXGroup;
			children = (
				514483DA1F9B535200621F76 /* PersonelUITests.swift */,
				514483DC1F9B535200621F76 /* Info.plist */,
			);
			path = PersonelUITests;
			sourceTree = "<group>";
		};
/* End PBXGroup section */

/* Begin PBXNativeTarget section */
		514483B11F9B535100621F76 /* Personel */ = {
			isa = PBXNativeTarget;
			buildConfigurationList = 514483DF1F9B535200621F76 /* Build configuration list for PBXNativeTarget "Personel" */;
			buildPhases = (
				514483AE1F9B535100621F76 /* Sources */,
				514483AF1F9B535100621F76 /* Frameworks */,
				514483B01F9B535100621F76 /* Resources */,
			);
			buildRules = (
			);
			dependencies = (
			);
			name = Personel;
			productName = Personel;
			productReference = 514483B21F9B535100621F76 /* Personel.app */;
			productType = "com.apple.product-type.application";
		};
		514483CA1F9B535200621F76 /* PersonelTests */ = {
			isa = PBXNativeTarget;
			buildConfigurationList = 514483E21F9B535200621F76 /* Build configuration list for PBXNativeTarget "PersonelTests" */;
			buildPhases = (
				514483C71F9B535200621F76 /* Sources */,
				514483C81F9B535200621F76 /* Frameworks */,
				514483C91F9B535200621F76 /* Resources */,
			);
			buildRules = (
			);
			dependencies = (
				514483CD1F9B535200621F76 /* PBXTargetDependency */,
			);
			name = PersonelTests;
			productName = PersonelTests;
			productReference = 514483CB1F9B535200621F76 /* PersonelTests.xctest */;
			productType = "com.apple.product-type.bundle.unit-test";
		};
		514483D51F9B535200621F76 /* PersonelUITests */ = {
			isa = PBXNativeTarget;
			buildConfigurationList = 514483E51F9B535200621F76 /* Build configuration list for PBXNativeTarget "PersonelUITests" */;
			buildPhases = (
				514483D21F9B535200621F76 /* Sources */,
				514483D31F9B535200621F76 /* Frameworks */,
				514483D41F9B535200621F76 /* Resources */,
			);
			buildRules = (
			);
			dependencies = (
				514483D81F9B535200621F76 /* PBXTargetDependency */,
			);
			name = PersonelUITests;
			productName = PersonelUITests;
			productReference = 514483D61F9B535200621F76 /* PersonelUITests.xctest */;
			productType = "com.apple.product-type.bundle.ui-testing";
		};
/* End PBXNativeTarget section */

/* Begin PBXProject section */
		514483AA1F9B535100621F76 /* Project object */ = {
			isa = PBXProject;
			attributes = {
				LastSwiftUpdateCheck = 0900;
				LastUpgradeCheck = 0900;
				ORGANIZATIONNAME = "Ion Utale";
				TargetAttributes = {
					514483B11F9B535100621F76 = {
						CreatedOnToolsVersion = 9.0.1;
						ProvisioningStyle = Automatic;
					};
					514483CA1F9B535200621F76 = {
						CreatedOnToolsVersion = 9.0.1;
						ProvisioningStyle = Automatic;
						TestTargetID = 514483B11F9B535100621F76;
					};
					514483D51F9B535200621F76 = {
						CreatedOnToolsVersion = 9.0.1;
						ProvisioningStyle = Automatic;
						TestTargetID = 514483B11F9B535100621F76;
					};
				};
			};
			buildConfigurationList = 514483AD1F9B535100621F76 /* Build configuration list for PBXProject "Personel" */;
			compatibilityVersion = "Xcode 8.0";
			developmentRegion = en;
			hasScannedForEncodings = 0;
			knownRegions = (
				en,
				Base,
			);
			mainGroup = 514483A91F9B535100621F76;
			productRefGroup = 514483B31F9B535100621F76 /* Products */;
			projectDirPath = "";
			projectRoot = "";
			targets = (
				514483B11F9B535100621F76 /* Personel */,
				514483CA1F9B535200621F76 /* PersonelTests */,
				514483D51F9B535200621F76 /* PersonelUITests */,
			);
		};
/* End PBXProject section */

/* Begin PBXResourcesBuildPhase section */
		514483B01F9B535100621F76 /* Resources */ = {
			isa = PBXResourcesBuildPhase;
			buildActionMask = 2147483647;
			files = (
				514483C51F9B535200621F76 /* LaunchScreen.storyboard in Resources */,
				514483C21F9B535200621F76 /* Assets.xcassets in Resources */,
				514483C01F9B535200621F76 /* Main.storyboard in Resources */,
			);
			runOnlyForDeploymentPostprocessing = 0;
		};
		514483C91F9B535200621F76 /* Resources */ = {
			isa = PBXResourcesBuildPhase;
			buildActionMask = 2147483647;
			files = (
			);
			runOnlyForDeploymentPostprocessing = 0;
		};
		514483D41F9B535200621F76 /* Resources */ = {
			isa = PBXResourcesBuildPhase;
			buildActionMask = 2147483647;
			files = (
			);
			runOnlyForDeploymentPostprocessing = 0;
		};
/* End PBXResourcesBuildPhase section */

/* Begin PBXSourcesBuildPhase section */
		514483AE1F9B535100621F76 /* Sources */ = {
			isa = PBXSourcesBuildPhase;
			buildActionMask = 2147483647;
			files = (
				514483B61F9B535100621F76 /* AppDelegate.swift in Sources */,
				514483B91F9B535100621F76 /* Personel.xcdatamodeld in Sources */,
				514483BB1F9B535200621F76 /* MasterViewController.swift in Sources */,
				514483BD1F9B535200621F76 /* DetailViewController.swift in Sources */,
			);
			runOnlyForDeploymentPostprocessing = 0;
		};
		514483C71F9B535200621F76 /* Sources */ = {
			isa = PBXSourcesBuildPhase;
			buildActionMask = 2147483647;
			files = (
				514483D01F9B535200621F76 /* PersonelTests.swift in Sources */,
			);
			runOnlyForDeploymentPostprocessing = 0;
		};
		514483D21F9B535200621F76 /* Sources */ = {
			isa = PBXSourcesBuildPhase;
			buildActionMask = 2147483647;
			files = (
				514483DB1F9B535200621F76 /* PersonelUITests.swift in Sources */,
			);
			runOnlyForDeploymentPostprocessing = 0;
		};
/* End PBXSourcesBuildPhase section */

/* Begin PBXTargetDependency section */
		514483CD1F9B535200621F76 /* PBXTargetDependency */ = {
			isa = PBXTargetDependency;
			target = 514483B11F9B535100621F76 /* Personel */;
			targetProxy = 514483CC1F9B535200621F76 /* PBXContainerItemProxy */;
		};
		514483D81F9B535200621F76 /* PBXTargetDependency */ = {
			isa = PBXTargetDependency;
			target = 514483B11F9B535100621F76 /* Personel */;
			targetProxy = 514483D71F9B535200621F76 /* PBXContainerItemProxy */;
		};
/* End PBXTargetDependency section */

/* Begin PBXVariantGroup section */
		514483BE1F9B535200621F76 /* Main.storyboard */ = {
			isa = PBXVariantGroup;
			children = (
				514483BF1F9B535200621F76 /* Base */,
			);
			name = Main.storyboard;
			sourceTree = "<group>";
		};
		514483C31F9B535200621F76 /* LaunchScreen.storyboard */ = {
			isa = PBXVariantGroup;
			children = (
				514483C41F9B535200621F76 /* Base */,
			);
			name = LaunchScreen.storyboard;
			sourceTree = "<group>";
		};
/* End PBXVariantGroup section */

/* Begin XCBuildConfiguration section */
		514483DD1F9B535200621F76 /* Debug */ = {
			isa = XCBuildConfiguration;
			buildSettings = {
				ALWAYS_SEARCH_USER_PATHS = NO;
				CLANG_ANALYZER_NONNULL = YES;
				CLANG_ANALYZER_NUMBER_OBJECT_CONVERSION = YES_AGGRESSIVE;
				CLANG_CXX_LANGUAGE_STANDARD = "gnu++14";
				CLANG_CXX_LIBRARY = "libc++";
				CLANG_ENABLE_MODULES = YES;
				CLANG_ENABLE_OBJC_ARC = YES;
				CLANG_WARN_BLOCK_CAPTURE_AUTORELEASING = YES;
				CLANG_WARN_BOOL_CONVERSION = YES;
				CLANG_WARN_COMMA = YES;
				CLANG_WARN_CONSTANT_CONVERSION = YES;
				CLANG_WARN_DIRECT_OBJC_ISA_USAGE = YES_ERROR;
				CLANG_WARN_DOCUMENTATION_COMMENTS = YES;
				CLANG_WARN_EMPTY_BODY = YES;
				CLANG_WARN_ENUM_CONVERSION = YES;
				CLANG_WARN_INFINITE_RECURSION = YES;
				CLANG_WARN_INT_CONVERSION = YES;
				CLANG_WARN_NON_LITERAL_NULL_CONVERSION = YES;
				CLANG_WARN_OBJC_LITERAL_CONVERSION = YES;
				CLANG_WARN_OBJC_ROOT_CLASS = YES_ERROR;
				CLANG_WARN_RANGE_LOOP_ANALYSIS = YES;
				CLANG_WARN_STRICT_PROTOTYPES = YES;
				CLANG_WARN_SUSPICIOUS_MOVE = YES;
				CLANG_WARN_UNGUARDED_AVAILABILITY = YES_AGGRESSIVE;
				CLANG_WARN_UNREACHABLE_CODE = YES;
				CLANG_WARN__DUPLICATE_METHOD_MATCH = YES;
				CODE_SIGN_IDENTITY = "iPhone Developer";
				COPY_PHASE_STRIP = NO;
				DEBUG_INFORMATION_FORMAT = dwarf;
				ENABLE_STRICT_OBJC_MSGSEND = YES;
				ENABLE_TESTABILITY = YES;
				GCC_C_LANGUAGE_STANDARD = gnu11;
				GCC_DYNAMIC_NO_PIC = NO;
				GCC_NO_COMMON_BLOCKS = YES;
				GCC_OPTIMIZATION_LEVEL = 0;
				GCC_PREPROCESSOR_DEFINITIONS = (
					"DEBUG=1",
					"$(inherited)",
				);
				GCC_WARN_64_TO_32_BIT_CONVERSION = YES;
				GCC_WARN_ABOUT_RETURN_TYPE = YES_ERROR;
				GCC_WARN_UNDECLARED_SELECTOR = YES;
				GCC_WARN_UNINITIALIZED_AUTOS = YES_AGGRESSIVE;
				GCC_WARN_UNUSED_FUNCTION = YES;
				GCC_WARN_UNUSED_VARIABLE = YES;
				IPHONEOS_DEPLOYMENT_TARGET = 11.0;
				MTL_ENABLE_DEBUG_INFO = YES;
				ONLY_ACTIVE_ARCH = YES;
				SDKROOT = iphoneos;
				SWIFT_ACTIVE_COMPILATION_CONDITIONS = DEBUG;
				SWIFT_OPTIMIZATION_LEVEL = "-Onone";
			};
			name = Debug;
		};
		514483DE1F9B535200621F76 /* Release */ = {
			isa = XCBuildConfiguration;
			buildSettings = {
				ALWAYS_SEARCH_USER_PATHS = NO;
				CLANG_ANALYZER_NONNULL = YES;
				CLANG_ANALYZER_NUMBER_OBJECT_CONVERSION = YES_AGGRESSIVE;
				CLANG_CXX_LANGUAGE_STANDARD = "gnu++14";
				CLANG_CXX_LIBRARY = "libc++";
				CLANG_ENABLE_MODULES = YES;
				CLANG_ENABLE_OBJC_ARC = YES;
				CLANG_WARN_BLOCK_CAPTURE_AUTORELEASING = YES;
				CLANG_WARN_BOOL_CONVERSION = YES;
				CLANG_WARN_COMMA = YES;
				CLANG_WARN_CONSTANT_CONVERSION = YES;
				CLANG_WARN_DIRECT_OBJC_ISA_USAGE = YES_ERROR;
				CLANG_WARN_DOCUMENTATION_COMMENTS = YES;
				CLANG_WARN_EMPTY_BODY = YES;
				CLANG_WARN_ENUM_CONVERSION = YES;
				CLANG_WARN_INFINITE_RECURSION = YES;
				CLANG_WARN_INT_CONVERSION = YES;
				CLANG_WARN_NON_LITERAL_NULL_CONVERSION = YES;
				CLANG_WARN_OBJC_LITERAL_CONVERSION = YES;
				CLANG_WARN_OBJC_ROOT_CLASS = YES_ERROR;
				CLANG_WARN_RANGE_LOOP_ANALYSIS = YES;
				CLANG_WARN_STRICT_PROTOTYPES = YES;
				CLANG_WARN_SUSPICIOUS_MOVE = YES;
				CLANG_WARN_UNGUARDED_AVAILABILITY = YES_AGGRESSIVE;
				CLANG_WARN_UNREACHABLE_CODE = YES;
				CLANG_WARN__DUPLICATE_METHOD_MATCH = YES;
				CODE_SIGN_IDENTITY = "iPhone Developer";
				COPY_PHASE_STRIP = NO;
				DEBUG_INFORMATION_FORMAT = "dwarf-with-dsym";
				ENABLE_NS_ASSERTIONS = NO;
				ENABLE_STRICT_OBJC_MSGSEND = YES;
				GCC_C_LANGUAGE_STANDARD = gnu11;
				GCC_NO_COMMON_BLOCKS = YES;
				GCC_WARN_64_TO_32_BIT_CONVERSION = YES;
				GCC_WARN_ABOUT_RETURN_TYPE = YES_ERROR;
				GCC_WARN_UNDECLARED_SELECTOR = YES;
				GCC_WARN_UNINITIALIZED_AUTOS = YES_AGGRESSIVE;
				GCC_WARN_UNUSED_FUNCTION = YES;
				GCC_WARN_UNUSED_VARIABLE = YES;
				IPHONEOS_DEPLOYMENT_TARGET = 11.0;
				MTL_ENABLE_DEBUG_INFO = NO;
				SDKROOT = iphoneos;
				SWIFT_OPTIMIZATION_LEVEL = "-Owholemodule";
				VALIDATE_PRODUCT = YES;
			};
			name = Release;
		};
		514483E01F9B535200621F76 /* Debug */ = {
			isa = XCBuildConfiguration;
			buildSettings = {
				ASSETCATALOG_COMPILER_APPICON_NAME = AppIcon;
				CODE_SIGN_STYLE = Automatic;
				DEVELOPMENT_TEAM = 33A62B6VNM;
				INFOPLIST_FILE = Personel/Info.plist;
				LD_RUNPATH_SEARCH_PATHS = "$(inherited) @executable_path/Frameworks";
				PRODUCT_BUNDLE_IDENTIFIER = aiu.Personel;
				PRODUCT_NAME = "$(TARGET_NAME)";
				SWIFT_VERSION = 4.0;
				TARGETED_DEVICE_FAMILY = "1,2";
			};
			name = Debug;
		};
		514483E11F9B535200621F76 /* Release */ = {
			isa = XCBuildConfiguration;
			buildSettings = {
				ASSETCATALOG_COMPILER_APPICON_NAME = AppIcon;
				CODE_SIGN_STYLE = Automatic;
				DEVELOPMENT_TEAM = 33A62B6VNM;
				INFOPLIST_FILE = Personel/Info.plist;
				LD_RUNPATH_SEARCH_PATHS = "$(inherited) @executable_path/Frameworks";
				PRODUCT_BUNDLE_IDENTIFIER = aiu.Personel;
				PRODUCT_NAME = "$(TARGET_NAME)";
				SWIFT_VERSION = 4.0;
				TARGETED_DEVICE_FAMILY = "1,2";
			};
			name = Release;
		};
		514483E31F9B535200621F76 /* Debug */ = {
			isa = XCBuildConfiguration;
			buildSettings = {
				ALWAYS_EMBED_SWIFT_STANDARD_LIBRARIES = YES;
				BUNDLE_LOADER = "$(TEST_HOST)";
				CODE_SIGN_STYLE = Automatic;
				DEVELOPMENT_TEAM = 33A62B6VNM;
				INFOPLIST_FILE = PersonelTests/Info.plist;
				LD_RUNPATH_SEARCH_PATHS = "$(inherited) @executable_path/Frameworks @loader_path/Frameworks";
				PRODUCT_BUNDLE_IDENTIFIER = aiu.PersonelTests;
				PRODUCT_NAME = "$(TARGET_NAME)";
				SWIFT_VERSION = 4.0;
				TARGETED_DEVICE_FAMILY = "1,2";
				TEST_HOST = "$(BUILT_PRODUCTS_DIR)/Personel.app/Personel";
			};
			name = Debug;
		};
		514483E41F9B535200621F76 /* Release */ = {
			isa = XCBuildConfiguration;
			buildSettings = {
				ALWAYS_EMBED_SWIFT_STANDARD_LIBRARIES = YES;
				BUNDLE_LOADER = "$(TEST_HOST)";
				CODE_SIGN_STYLE = Automatic;
				DEVELOPMENT_TEAM = 33A62B6VNM;
				INFOPLIST_FILE = PersonelTests/Info.plist;
				LD_RUNPATH_SEARCH_PATHS = "$(inherited) @executable_path/Frameworks @loader_path/Frameworks";
				PRODUCT_BUNDLE_IDENTIFIER = aiu.PersonelTests;
				PRODUCT_NAME = "$(TARGET_NAME)";
				SWIFT_VERSION = 4.0;
				TARGETED_DEVICE_FAMILY = "1,2";
				TEST_HOST = "$(BUILT_PRODUCTS_DIR)/Personel.app/Personel";
			};
			name = Release;
		};
		514483E61F9B535200621F76 /* Debug */ = {
			isa = XCBuildConfiguration;
			buildSettings = {
				ALWAYS_EMBED_SWIFT_STANDARD_LIBRARIES = YES;
				CODE_SIGN_STYLE = Automatic;
				DEVELOPMENT_TEAM = 33A62B6VNM;
				INFOPLIST_FILE = PersonelUITests/Info.plist;
				LD_RUNPATH_SEARCH_PATHS = "$(inherited) @executable_path/Frameworks @loader_path/Frameworks";
				PRODUCT_BUNDLE_IDENTIFIER = aiu.PersonelUITests;
				PRODUCT_NAME = "$(TARGET_NAME)";
				SWIFT_VERSION = 4.0;
				TARGETED_DEVICE_FAMILY = "1,2";
				TEST_TARGET_NAME = Personel;
			};
			name = Debug;
		};
		514483E71F9B535200621F76 /* Release */ = {
			isa = XCBuildConfiguration;
			buildSettings = {
				ALWAYS_EMBED_SWIFT_STANDARD_LIBRARIES = YES;
				CODE_SIGN_STYLE = Automatic;
				DEVELOPMENT_TEAM = 33A62B6VNM;
				INFOPLIST_FILE = PersonelUITests/Info.plist;
				LD_RUNPATH_SEARCH_PATHS = "$(inherited) @executable_path/Frameworks @loader_path/Frameworks";
				PRODUCT_BUNDLE_IDENTIFIER = aiu.PersonelUITests;
				PRODUCT_NAME = "$(TARGET_NAME)";
				SWIFT_VERSION = 4.0;
				TARGETED_DEVICE_FAMILY = "1,2";
				TEST_TARGET_NAME = Personel;
			};
			name = Release;
		};
/* End XCBuildConfiguration section */

/* Begin XCConfigurationList section */
		514483AD1F9B535100621F76 /* Build configuration list for PBXProject "Personel" */ = {
			isa = XCConfigurationList;
			buildConfigurations = (
				514483DD1F9B535200621F76 /* Debug */,
				514483DE1F9B535200621F76 /* Release */,
			);
			defaultConfigurationIsVisible = 0;
			defaultConfigurationName = Release;
		};
		514483DF1F9B535200621F76 /* Build configuration list for PBXNativeTarget "Personel" */ = {
			isa = XCConfigurationList;
			buildConfigurations = (
				514483E01F9B535200621F76 /* Debug */,
				514483E11F9B535200621F76 /* Release */,
			);
			defaultConfigurationIsVisible = 0;
			defaultConfigurationName = Release;
		};
		514483E21F9B535200621F76 /* Build configuration list for PBXNativeTarget "PersonelTests" */ = {
			isa = XCConfigurationList;
			buildConfigurations = (
				514483E31F9B535200621F76 /* Debug */,
				514483E41F9B535200621F76 /* Release */,
			);
			defaultConfigurationIsVisible = 0;
			defaultConfigurationName = Release;
		};
		514483E51F9B535200621F76 /* Build configuration list for PBXNativeTarget "PersonelUITests" */ = {
			isa = XCConfigurationList;
			buildConfigurations = (
				514483E61F9B535200621F76 /* Debug */,
				514483E71F9B535200621F76 /* Release */,
			);
			defaultConfigurationIsVisible = 0;
			defaultConfigurationName = Release;
		};
/* End XCConfigurationList section */

/* Begin XCVersionGroup section */
		514483B71F9B535100621F76 /* Personel.xcdatamodeld */ = {
			isa = XCVersionGroup;
			children = (
				514483B81F9B535100621F76 /* Personel.xcdatamodel */,
			);
			currentVersion = 514483B81F9B535100621F76 /* Personel.xcdatamodel */;
			path = Personel.xcdatamodeld;
			sourceTree = "<group>";
			versionGroupType = wrapper.xcdatamodel;
		};
/* End XCVersionGroup section */
	};
	rootObject = 514483AA1F9B535100621F76 /* Project object */;
}
