PODS:
  - Alamofire (4.7.0)
  - AlamofireNetworkActivityIndicator (2.2.0):
    - Alamofire (~> 4.5)
  - BRYXBanner (0.8.0)
  - HGCircularSlider (2.0.0)
  - ImagePickerWhatsApp (0.1.1)
  - JTAppleCalendar (7.1.5)
  - KeychainAccess (3.1.0)
  - SwipeCellKit (2.0.1)
  - TransitionButton (0.3.0)

DEPENDENCIES:
  - Alamofire
  - AlamofireNetworkActivityIndicator
  - BRYXBanner
  - HGCircularSlider
  - ImagePickerWhatsApp (from `/Users/aiu/Documents/cocoapods/ImagePickerWhatsApp`)
  - JTAppleCalendar
  - KeychainAccess
  - SwipeCellKit
  - TransitionButton

EXTERNAL SOURCES:
  ImagePickerWhatsApp:
    :path: /Users/aiu/Documents/cocoapods/ImagePickerWhatsApp

SPEC CHECKSUMS:
  Alamofire: 907e0a98eb68cdb7f9d1f541a563d6ac5dc77b25
  AlamofireNetworkActivityIndicator: 81e1630e7cfed22a4e4e82a174c59e651dc4f8ca
  BRYXBanner: 406c3775789136531da6f3c98058be2f16e08a34
  HGCircularSlider: 92e2ee098c814709f455b8f46cd9008147f6a869
  ImagePickerWhatsApp: d307ab18bbb4338b8010e498b406aec42dba3051
  JTAppleCalendar: 2d4f974f9f3c8b4964d51ca1f6e004883c031fbe
  KeychainAccess: 94c5540b32eabf7bc32bfb976a268e8ea05fd6da
  SwipeCellKit: 76888d93d1843dc568fdf38fff21b15dbbcf6b28
  TransitionButton: 0bf7e5ffe80030f9d10d57983a04acf2f511998a

PODFILE CHECKSUM: c07c240c2e7b9a2cdd41005cc2d09bcbebe29e53

COCOAPODS: 1.4.0
